
Microsoft Visual Studio Solution File, Format Version 12.00
# Visual Studio Version 17
VisualStudioVersion = 17.0.31903.59
MinimumVisualStudioVersion = 10.0.40219.1
Project("{2150E333-8FDC-42A3-9474-1A3956D46DE8}") = "src", "src", "{31A19868-FF96-4E94-A0E7-7582B256D026}"
EndProject
Project("{FAE04EC0-301F-11D3-BF4B-00C04F79EFBC}") = "Pithee.Api", "src\Pithee.Api\Pithee.Api.csproj", "{9DFBAB17-D78D-4319-87B6-DA7D599237CF}"
EndProject
Project("{FAE04EC0-301F-11D3-BF4B-00C04F79EFBC}") = "Pithee.Api.Tests", "src\Pithee.Api.Tests\Pithee.Api.Tests.csproj", "{EDC4D931-FC5B-4BD2-A452-A2FEAAD46C92}"
EndProject
Project("{FAE04EC0-301F-11D3-BF4B-00C04F79EFBC}") = "Pithee.Domain", "src\Pithee.Domain\Pithee.Domain.csproj", "{B3265DD9-046F-480B-807C-3D9EB0296131}"
EndProject
Project("{FAE04EC0-301F-11D3-BF4B-00C04F79EFBC}") = "Pithee.Persistence", "src\Pithee.Persistence\Pithee.Persistence.csproj", "{D465F502-B32B-41A1-A9CF-C37D745D5B34}"
EndProject
Project("{FAE04EC0-301F-11D3-BF4B-00C04F79EFBC}") = "Pithee.Persistence.Tests", "src\Pithee.Persistence.Tests\Pithee.Persistence.Tests.csproj", "{42056F33-6EAE-444F-A50E-8F57E2C75AB7}"
EndProject
Project("{FAE04EC0-301F-11D3-BF4B-00C04F79EFBC}") = "Pithee.Domain.Tests", "src\Pithee.Domain.Tests\Pithee.Domain.Tests.csproj", "{5A91E43E-CC74-4EF8-BD70-2282A02DC485}"
EndProject
Project("{FAE04EC0-301F-11D3-BF4B-00C04F79EFBC}") = "Pithee.CodeGen", "src\Pithee.CodeGen\Pithee.CodeGen.csproj", "{5E944100-4FCF-4A42-A0A2-0A6DB0F7876A}"
EndProject
Project("{FAE04EC0-301F-11D3-BF4B-00C04F79EFBC}") = "Pithee.Architecture.Tests", "src\Pithee.Architecture.Tests\Pithee.Architecture.Tests.csproj", "{7769A276-9624-4355-8CCF-1B70E12B020F}"
EndProject
Global
	GlobalSection(SolutionConfigurationPlatforms) = preSolution
		Debug|Any CPU = Debug|Any CPU
		Release|Any CPU = Release|Any CPU
	EndGlobalSection
	GlobalSection(SolutionProperties) = preSolution
		HideSolutionNode = FALSE
	EndGlobalSection
	GlobalSection(ProjectConfigurationPlatforms) = postSolution
		{9DFBAB17-D78D-4319-87B6-DA7D599237CF}.Debug|Any CPU.ActiveCfg = Debug|Any CPU
		{9DFBAB17-D78D-4319-87B6-DA7D599237CF}.Debug|Any CPU.Build.0 = Debug|Any CPU
		{9DFBAB17-D78D-4319-87B6-DA7D599237CF}.Release|Any CPU.ActiveCfg = Release|Any CPU
		{9DFBAB17-D78D-4319-87B6-DA7D599237CF}.Release|Any CPU.Build.0 = Release|Any CPU
		{EDC4D931-FC5B-4BD2-A452-A2FEAAD46C92}.Debug|Any CPU.ActiveCfg = Debug|Any CPU
		{EDC4D931-FC5B-4BD2-A452-A2FEAAD46C92}.Debug|Any CPU.Build.0 = Debug|Any CPU
		{EDC4D931-FC5B-4BD2-A452-A2FEAAD46C92}.Release|Any CPU.ActiveCfg = Release|Any CPU
		{EDC4D931-FC5B-4BD2-A452-A2FEAAD46C92}.Release|Any CPU.Build.0 = Release|Any CPU
		{B3265DD9-046F-480B-807C-3D9EB0296131}.Debug|Any CPU.ActiveCfg = Debug|Any CPU
		{B3265DD9-046F-480B-807C-3D9EB0296131}.Debug|Any CPU.Build.0 = Debug|Any CPU
		{B3265DD9-046F-480B-807C-3D9EB0296131}.Release|Any CPU.ActiveCfg = Release|Any CPU
		{B3265DD9-046F-480B-807C-3D9EB0296131}.Release|Any CPU.Build.0 = Release|Any CPU
		{D465F502-B32B-41A1-A9CF-C37D745D5B34}.Debug|Any CPU.ActiveCfg = Debug|Any CPU
		{D465F502-B32B-41A1-A9CF-C37D745D5B34}.Debug|Any CPU.Build.0 = Debug|Any CPU
		{D465F502-B32B-41A1-A9CF-C37D745D5B34}.Release|Any CPU.ActiveCfg = Release|Any CPU
		{D465F502-B32B-41A1-A9CF-C37D745D5B34}.Release|Any CPU.Build.0 = Release|Any CPU
		{42056F33-6EAE-444F-A50E-8F57E2C75AB7}.Debug|Any CPU.ActiveCfg = Debug|Any CPU
		{42056F33-6EAE-444F-A50E-8F57E2C75AB7}.Debug|Any CPU.Build.0 = Debug|Any CPU
		{42056F33-6EAE-444F-A50E-8F57E2C75AB7}.Release|Any CPU.ActiveCfg = Release|Any CPU
		{42056F33-6EAE-444F-A50E-8F57E2C75AB7}.Release|Any CPU.Build.0 = Release|Any CPU
		{5A91E43E-CC74-4EF8-BD70-2282A02DC485}.Debug|Any CPU.ActiveCfg = Debug|Any CPU
		{5A91E43E-CC74-4EF8-BD70-2282A02DC485}.Debug|Any CPU.Build.0 = Debug|Any CPU
		{5A91E43E-CC74-4EF8-BD70-2282A02DC485}.Release|Any CPU.ActiveCfg = Release|Any CPU
		{5A91E43E-CC74-4EF8-BD70-2282A02DC485}.Release|Any CPU.Build.0 = Release|Any CPU
		{5E944100-4FCF-4A42-A0A2-0A6DB0F7876A}.Debug|Any CPU.ActiveCfg = Debug|Any CPU
		{5E944100-4FCF-4A42-A0A2-0A6DB0F7876A}.Debug|Any CPU.Build.0 = Debug|Any CPU
		{5E944100-4FCF-4A42-A0A2-0A6DB0F7876A}.Release|Any CPU.ActiveCfg = Release|Any CPU
		{5E944100-4FCF-4A42-A0A2-0A6DB0F7876A}.Release|Any CPU.Build.0 = Release|Any CPU
		{7769A276-9624-4355-8CCF-1B70E12B020F}.Debug|Any CPU.ActiveCfg = Debug|Any CPU
		{7769A276-9624-4355-8CCF-1B70E12B020F}.Debug|Any CPU.Build.0 = Debug|Any CPU
		{7769A276-9624-4355-8CCF-1B70E12B020F}.Release|Any CPU.ActiveCfg = Release|Any CPU
		{7769A276-9624-4355-8CCF-1B70E12B020F}.Release|Any CPU.Build.0 = Release|Any CPU
	EndGlobalSection
	GlobalSection(NestedProjects) = preSolution
		{9DFBAB17-D78D-4319-87B6-DA7D599237CF} = {31A19868-FF96-4E94-A0E7-7582B256D026}
		{EDC4D931-FC5B-4BD2-A452-A2FEAAD46C92} = {31A19868-FF96-4E94-A0E7-7582B256D026}
		{B3265DD9-046F-480B-807C-3D9EB0296131} = {31A19868-FF96-4E94-A0E7-7582B256D026}
		{D465F502-B32B-41A1-A9CF-C37D745D5B34} = {31A19868-FF96-4E94-A0E7-7582B256D026}
		{42056F33-6EAE-444F-A50E-8F57E2C75AB7} = {31A19868-FF96-4E94-A0E7-7582B256D026}
		{5A91E43E-CC74-4EF8-BD70-2282A02DC485} = {31A19868-FF96-4E94-A0E7-7582B256D026}
		{5E944100-4FCF-4A42-A0A2-0A6DB0F7876A} = {31A19868-FF96-4E94-A0E7-7582B256D026}
		{7769A276-9624-4355-8CCF-1B70E12B020F} = {31A19868-FF96-4E94-A0E7-7582B256D026}
	EndGlobalSection
EndGlobal
