
Microsoft Visual Studio Solution File, Format Version 12.00
# Visual Studio Version 17
VisualStudioVersion = 17.0.31903.59
MinimumVisualStudioVersion = 10.0.40219.1
Project("{2150E333-8FDC-42A3-9474-1A3956D46DE8}") = "src", "src", "{31A19868-FF96-4E94-A0E7-7582B256D026}"
EndProject
Project("{FAE04EC0-301F-11D3-BF4B-00C04F79EFBC}") = "Pithee.Api", "src/Pithee.Api/Pithee.Api.csproj", "{9DFBAB17-D78D-4319-87B6-DA7D599237CF}"
EndProject
Project("{FAE04EC0-301F-11D3-BF4B-00C04F79EFBC}") = "Pithee.Api.Tests", "src/Pithee.Api.Tests/Pithee.Api.Tests.csproj", "{EDC4D931-FC5B-4BD2-A452-A2FEAAD46C92}"
EndProject
Global
	GlobalSection(SolutionConfigurationPlatforms) = preSolution
		Debug|Any CPU = Debug|Any CPU
		Release|Any CPU = Release|Any CPU
	EndGlobalSection
	GlobalSection(SolutionProperties) = preSolution
		HideSolutionNode = FALSE
	EndGlobalSection
	GlobalSection(ProjectConfigurationPlatforms) = postSolution
		{9DFBAB17-D78D-4319-87B6-DA7D599237CF}.Debug|Any CPU.ActiveCfg = Debug|Any CPU
		{9DFBAB17-D78D-4319-87B6-DA7D599237CF}.Debug|Any CPU.Build.0 = Debug|Any CPU
		{9DFBAB17-D78D-4319-87B6-DA7D599237CF}.Release|Any CPU.ActiveCfg = Release|Any CPU
		{9DFBAB17-D78D-4319-87B6-DA7D599237CF}.Release|Any CPU.Build.0 = Release|Any CPU
		{EDC4D931-FC5B-4BD2-A452-A2FEAAD46C92}.Debug|Any CPU.ActiveCfg = Debug|Any CPU
		{EDC4D931-FC5B-4BD2-A452-A2FEAAD46C92}.Debug|Any CPU.Build.0 = Debug|Any CPU
		{EDC4D931-FC5B-4BD2-A452-A2FEAAD46C92}.Release|Any CPU.ActiveCfg = Release|Any CPU
		{EDC4D931-FC5B-4BD2-A452-A2FEAAD46C92}.Release|Any CPU.Build.0 = Release|Any CPU
	EndGlobalSection
	GlobalSection(NestedProjects) = preSolution
		{9DFBAB17-D78D-4319-87B6-DA7D599237CF} = {31A19868-FF96-4E94-A0E7-7582B256D026}
		{EDC4D931-FC5B-4BD2-A452-A2FEAAD46C92} = {31A19868-FF96-4E94-A0E7-7582B256D026}
	EndGlobalSection
EndGlobal
